
Microsoft Visual Studio Solution File, Format Version 12.00
# Visual Studio Version 17
VisualStudioVersion = 17.13.35825.156 d17.13
MinimumVisualStudioVersion = 10.0.40219.1
Project("{FAE04EC0-301F-11D3-BF4B-00C04F79EFBC}") = "Black Jack", "Black Jack\Black Jack.csproj", "{2DFA5D88-FD2C-41B9-BB1B-99162688D1DB}"
EndProject
Global
	GlobalSection(SolutionConfigurationPlatforms) = preSolution
		Debug|Any CPU = Debug|Any CPU
		Release|Any CPU = Release|Any CPU
	EndGlobalSection
	GlobalSection(ProjectConfigurationPlatforms) = postSolution
		{2DFA5D88-FD2C-41B9-BB1B-99162688D1DB}.Debug|Any CPU.ActiveCfg = Debug|Any CPU
		{2DFA5D88-FD2C-41B9-BB1B-99162688D1DB}.Debug|Any CPU.Build.0 = Debug|Any CPU
		{2DFA5D88-FD2C-41B9-BB1B-99162688D1DB}.Release|Any CPU.ActiveCfg = Release|Any CPU
		{2DFA5D88-FD2C-41B9-BB1B-99162688D1DB}.Release|Any CPU.Build.0 = Release|Any CPU
	EndGlobalSection
	GlobalSection(SolutionProperties) = preSolution
		HideSolutionNode = FALSE
	EndGlobalSection
	GlobalSection(ExtensibilityGlobals) = postSolution
		SolutionGuid = {8BCC510E-D33A-4697-B599-7606A910793F}
	EndGlobalSection
EndGlobal
